
Microsoft Visual Studio Solution File, Format Version 12.00
# Visual Studio 15
VisualStudioVersion = 15.0.28307.1433
MinimumVisualStudioVersion = 10.0.40219.1
Project("{8BC9CEB8-8B4A-11D0-8D11-00A0C91BC942}") = "MTPC", "MTPC\MTPC.vcxproj", "{91FA709F-1C04-47B3-B630-D9056CA727D9}"
EndProject
Global
	GlobalSection(SolutionConfigurationPlatforms) = preSolution
		Debug|x64 = Debug|x64
		Debug|x86 = Debug|x86
		Release|x64 = Release|x64
		Release|x86 = Release|x86
	EndGlobalSection
	GlobalSection(ProjectConfigurationPlatforms) = postSolution
		{91FA709F-1C04-47B3-B630-D9056CA727D9}.Debug|x64.ActiveCfg = Debug|x64
		{91FA709F-1C04-47B3-B630-D9056CA727D9}.Debug|x64.Build.0 = Debug|x64
		{91FA709F-1C04-47B3-B630-D9056CA727D9}.Debug|x86.ActiveCfg = Debug|Win32
		{91FA709F-1C04-47B3-B630-D9056CA727D9}.Debug|x86.Build.0 = Debug|Win32
		{91FA709F-1C04-47B3-B630-D9056CA727D9}.Release|x64.ActiveCfg = Release|x64
		{91FA709F-1C04-47B3-B630-D9056CA727D9}.Release|x64.Build.0 = Release|x64
		{91FA709F-1C04-47B3-B630-D9056CA727D9}.Release|x86.ActiveCfg = Release|Win32
		{91FA709F-1C04-47B3-B630-D9056CA727D9}.Release|x86.Build.0 = Release|Win32
	EndGlobalSection
	GlobalSection(SolutionProperties) = preSolution
		HideSolutionNode = FALSE
	EndGlobalSection
	GlobalSection(ExtensibilityGlobals) = postSolution
		SolutionGuid = {68752C8C-79A9-4949-9B65-4A3F75CFB7F5}
	EndGlobalSection
EndGlobal
